// !$*UTF8*$!
{
	archiveVersion = 1;
	classes = {
	};
	objectVersion = 55;
	objects = {

/* Begin PBXBuildFile section */
		8442835427735158002EC593 /* AppDelegate.swift in Sources */ = {isa = PBXBuildFile; fileRef = 8442835327735158002EC593 /* AppDelegate.swift */; };
		8442835627735158002EC593 /* SceneDelegate.swift in Sources */ = {isa = PBXBuildFile; fileRef = 8442835527735158002EC593 /* SceneDelegate.swift */; };
		8442835827735158002EC593 /* WeatherViewController.swift in Sources */ = {isa = PBXBuildFile; fileRef = 8442835727735158002EC593 /* WeatherViewController.swift */; };
		8442835B27735158002EC593 /* Main.storyboard in Resources */ = {isa = PBXBuildFile; fileRef = 8442835927735158002EC593 /* Main.storyboard */; };
		8442835E27735158002EC593 /* WeatherApplication.xcdatamodeld in Sources */ = {isa = PBXBuildFile; fileRef = 8442835C27735158002EC593 /* WeatherApplication.xcdatamodeld */; };
		8442836027735159002EC593 /* Assets.xcassets in Resources */ = {isa = PBXBuildFile; fileRef = 8442835F27735159002EC593 /* Assets.xcassets */; };
		8442836327735159002EC593 /* LaunchScreen.storyboard in Resources */ = {isa = PBXBuildFile; fileRef = 8442836127735159002EC593 /* LaunchScreen.storyboard */; };
		8442836E2773515A002EC593 /* WeatherApplicationTests.swift in Sources */ = {isa = PBXBuildFile; fileRef = 8442836D2773515A002EC593 /* WeatherApplicationTests.swift */; };
		844283782773515A002EC593 /* WeatherApplicationUITests.swift in Sources */ = {isa = PBXBuildFile; fileRef = 844283772773515A002EC593 /* WeatherApplicationUITests.swift */; };
		8442837A2773515A002EC593 /* WeatherApplicationUITestsLaunchTests.swift in Sources */ = {isa = PBXBuildFile; fileRef = 844283792773515A002EC593 /* WeatherApplicationUITestsLaunchTests.swift */; };
		84428388277351A0002EC593 /* APIModel.swift in Sources */ = {isa = PBXBuildFile; fileRef = 84428387277351A0002EC593 /* APIModel.swift */; };
		8442838A27735224002EC593 /* WeatherDataModel.swift in Sources */ = {isa = PBXBuildFile; fileRef = 8442838927735224002EC593 /* WeatherDataModel.swift */; };
		8442838C27736E08002EC593 /* WeatherIcons.swift in Sources */ = {isa = PBXBuildFile; fileRef = 8442838B27736E08002EC593 /* WeatherIcons.swift */; };
		84B2EBBC27738ADC007F0BE5 /* HourlyCollectionViewCell.swift in Sources */ = {isa = PBXBuildFile; fileRef = 84B2EBBB27738ADC007F0BE5 /* HourlyCollectionViewCell.swift */; };
		84B2EBBE27738AEE007F0BE5 /* DailyCollectionViewCell.swift in Sources */ = {isa = PBXBuildFile; fileRef = 84B2EBBD27738AEE007F0BE5 /* DailyCollectionViewCell.swift */; };
/* End PBXBuildFile section */

/* Begin PBXContainerItemProxy section */
		8442836A2773515A002EC593 /* PBXContainerItemProxy */ = {
			isa = PBXContainerItemProxy;
			containerPortal = 8442834827735158002EC593 /* Project object */;
			proxyType = 1;
			remoteGlobalIDString = 8442834F27735158002EC593;
			remoteInfo = WeatherApplication;
		};
		844283742773515A002EC593 /* PBXContainerItemProxy */ = {
			isa = PBXContainerItemProxy;
			containerPortal = 8442834827735158002EC593 /* Project object */;
			proxyType = 1;
			remoteGlobalIDString = 8442834F27735158002EC593;
			remoteInfo = WeatherApplication;
		};
/* End PBXContainerItemProxy section */

/* Begin PBXFileReference section */
		8442835027735158002EC593 /* WeatherApplication.app */ = {isa = PBXFileReference; explicitFileType = wrapper.application; includeInIndex = 0; path = WeatherApplication.app; sourceTree = BUILT_PRODUCTS_DIR; };
		8442835327735158002EC593 /* AppDelegate.swift */ = {isa = PBXFileReference; lastKnownFileType = sourcecode.swift; path = AppDelegate.swift; sourceTree = "<group>"; };
		8442835527735158002EC593 /* SceneDelegate.swift */ = {isa = PBXFileReference; lastKnownFileType = sourcecode.swift; path = SceneDelegate.swift; sourceTree = "<group>"; };
		8442835727735158002EC593 /* WeatherViewController.swift */ = {isa = PBXFileReference; lastKnownFileType = sourcecode.swift; path = WeatherViewController.swift; sourceTree = "<group>"; };
		8442835A27735158002EC593 /* Base */ = {isa = PBXFileReference; lastKnownFileType = file.storyboard; name = Base; path = Base.lproj/Main.storyboard; sourceTree = "<group>"; };
		8442835D27735158002EC593 /* WeatherApplication.xcdatamodel */ = {isa = PBXFileReference; lastKnownFileType = wrapper.xcdatamodel; path = WeatherApplication.xcdatamodel; sourceTree = "<group>"; };
		8442835F27735159002EC593 /* Assets.xcassets */ = {isa = PBXFileReference; lastKnownFileType = folder.assetcatalog; path = Assets.xcassets; sourceTree = "<group>"; };
		8442836227735159002EC593 /* Base */ = {isa = PBXFileReference; lastKnownFileType = file.storyboard; name = Base; path = Base.lproj/LaunchScreen.storyboard; sourceTree = "<group>"; };
		8442836427735159002EC593 /* Info.plist */ = {isa = PBXFileReference; lastKnownFileType = text.plist.xml; path = Info.plist; sourceTree = "<group>"; };
		844283692773515A002EC593 /* WeatherApplicationTests.xctest */ = {isa = PBXFileReference; explicitFileType = wrapper.cfbundle; includeInIndex = 0; path = WeatherApplicationTests.xctest; sourceTree = BUILT_PRODUCTS_DIR; };
		8442836D2773515A002EC593 /* WeatherApplicationTests.swift */ = {isa = PBXFileReference; lastKnownFileType = sourcecode.swift; path = WeatherApplicationTests.swift; sourceTree = "<group>"; };
		844283732773515A002EC593 /* WeatherApplicationUITests.xctest */ = {isa = PBXFileReference; explicitFileType = wrapper.cfbundle; includeInIndex = 0; path = WeatherApplicationUITests.xctest; sourceTree = BUILT_PRODUCTS_DIR; };
		844283772773515A002EC593 /* WeatherApplicationUITests.swift */ = {isa = PBXFileReference; lastKnownFileType = sourcecode.swift; path = WeatherApplicationUITests.swift; sourceTree = "<group>"; };
		844283792773515A002EC593 /* WeatherApplicationUITestsLaunchTests.swift */ = {isa = PBXFileReference; lastKnownFileType = sourcecode.swift; path = WeatherApplicationUITestsLaunchTests.swift; sourceTree = "<group>"; };
		84428387277351A0002EC593 /* APIModel.swift */ = {isa = PBXFileReference; lastKnownFileType = sourcecode.swift; path = APIModel.swift; sourceTree = "<group>"; };
		8442838927735224002EC593 /* WeatherDataModel.swift */ = {isa = PBXFileReference; lastKnownFileType = sourcecode.swift; path = WeatherDataModel.swift; sourceTree = "<group>"; };
		8442838B27736E08002EC593 /* WeatherIcons.swift */ = {isa = PBXFileReference; lastKnownFileType = sourcecode.swift; path = WeatherIcons.swift; sourceTree = "<group>"; };
		84B2EBBB27738ADC007F0BE5 /* HourlyCollectionViewCell.swift */ = {isa = PBXFileReference; lastKnownFileType = sourcecode.swift; path = HourlyCollectionViewCell.swift; sourceTree = "<group>"; };
		84B2EBBD27738AEE007F0BE5 /* DailyCollectionViewCell.swift */ = {isa = PBXFileReference; lastKnownFileType = sourcecode.swift; path = DailyCollectionViewCell.swift; sourceTree = "<group>"; };
/* End PBXFileReference section */

/* Begin PBXFrameworksBuildPhase section */
		8442834D27735158002EC593 /* Frameworks */ = {
			isa = PBXFrameworksBuildPhase;
			buildActionMask = 2147483647;
			files = (
			);
			runOnlyForDeploymentPostprocessing = 0;
		};
		844283662773515A002EC593 /* Frameworks */ = {
			isa = PBXFrameworksBuildPhase;
			buildActionMask = 2147483647;
			files = (
			);
			runOnlyForDeploymentPostprocessing = 0;
		};
		844283702773515A002EC593 /* Frameworks */ = {
			isa = PBXFrameworksBuildPhase;
			buildActionMask = 2147483647;
			files = (
			);
			runOnlyForDeploymentPostprocessing = 0;
		};
/* End PBXFrameworksBuildPhase section */

/* Begin PBXGroup section */
		8442834727735158002EC593 = {
			isa = PBXGroup;
			children = (
				8442835227735158002EC593 /* WeatherApplication */,
				8442836C2773515A002EC593 /* WeatherApplicationTests */,
				844283762773515A002EC593 /* WeatherApplicationUITests */,
				8442835127735158002EC593 /* Products */,
			);
			sourceTree = "<group>";
		};
		8442835127735158002EC593 /* Products */ = {
			isa = PBXGroup;
			children = (
				8442835027735158002EC593 /* WeatherApplication.app */,
				844283692773515A002EC593 /* WeatherApplicationTests.xctest */,
				844283732773515A002EC593 /* WeatherApplicationUITests.xctest */,
			);
			name = Products;
			sourceTree = "<group>";
		};
		8442835227735158002EC593 /* WeatherApplication */ = {
			isa = PBXGroup;
			children = (
				8442835327735158002EC593 /* AppDelegate.swift */,
				8442835527735158002EC593 /* SceneDelegate.swift */,
				844283862773516A002EC593 /* Model */,
				84B2EBBA27738A89007F0BE5 /* View */,
				8442835727735158002EC593 /* WeatherViewController.swift */,
				8442835927735158002EC593 /* Main.storyboard */,
				8442835F27735159002EC593 /* Assets.xcassets */,
				8442836127735159002EC593 /* LaunchScreen.storyboard */,
				8442836427735159002EC593 /* Info.plist */,
				8442835C27735158002EC593 /* WeatherApplication.xcdatamodeld */,
			);
			path = WeatherApplication;
			sourceTree = "<group>";
		};
		8442836C2773515A002EC593 /* WeatherApplicationTests */ = {
			isa = PBXGroup;
			children = (
				8442836D2773515A002EC593 /* WeatherApplicationTests.swift */,
			);
			path = WeatherApplicationTests;
			sourceTree = "<group>";
		};
		844283762773515A002EC593 /* WeatherApplicationUITests */ = {
			isa = PBXGroup;
			children = (
				844283772773515A002EC593 /* WeatherApplicationUITests.swift */,
				844283792773515A002EC593 /* WeatherApplicationUITestsLaunchTests.swift */,
			);
			path = WeatherApplicationUITests;
			sourceTree = "<group>";
		};
		844283862773516A002EC593 /* Model */ = {
			isa = PBXGroup;
			children = (
				84428387277351A0002EC593 /* APIModel.swift */,
				8442838927735224002EC593 /* WeatherDataModel.swift */,
				8442838B27736E08002EC593 /* WeatherIcons.swift */,
			);
			path = Model;
			sourceTree = "<group>";
		};
		84B2EBBA27738A89007F0BE5 /* View */ = {
			isa = PBXGroup;
			children = (
				84B2EBBB27738ADC007F0BE5 /* HourlyCollectionViewCell.swift */,
				84B2EBBD27738AEE007F0BE5 /* DailyCollectionViewCell.swift */,
			);
			path = View;
			sourceTree = "<group>";
		};
/* End PBXGroup section */

/* Begin PBXNativeTarget section */
		8442834F27735158002EC593 /* WeatherApplication */ = {
			isa = PBXNativeTarget;
			buildConfigurationList = 8442837D2773515A002EC593 /* Build configuration list for PBXNativeTarget "WeatherApplication" */;
			buildPhases = (
				8442834C27735158002EC593 /* Sources */,
				8442834D27735158002EC593 /* Frameworks */,
				8442834E27735158002EC593 /* Resources */,
			);
			buildRules = (
			);
			dependencies = (
			);
			name = WeatherApplication;
			productName = WeatherApplication;
			productReference = 8442835027735158002EC593 /* WeatherApplication.app */;
			productType = "com.apple.product-type.application";
		};
		844283682773515A002EC593 /* WeatherApplicationTests */ = {
			isa = PBXNativeTarget;
			buildConfigurationList = 844283802773515A002EC593 /* Build configuration list for PBXNativeTarget "WeatherApplicationTests" */;
			buildPhases = (
				844283652773515A002EC593 /* Sources */,
				844283662773515A002EC593 /* Frameworks */,
				844283672773515A002EC593 /* Resources */,
			);
			buildRules = (
			);
			dependencies = (
				8442836B2773515A002EC593 /* PBXTargetDependency */,
			);
			name = WeatherApplicationTests;
			productName = WeatherApplicationTests;
			productReference = 844283692773515A002EC593 /* WeatherApplicationTests.xctest */;
			productType = "com.apple.product-type.bundle.unit-test";
		};
		844283722773515A002EC593 /* WeatherApplicationUITests */ = {
			isa = PBXNativeTarget;
			buildConfigurationList = 844283832773515A002EC593 /* Build configuration list for PBXNativeTarget "WeatherApplicationUITests" */;
			buildPhases = (
				8442836F2773515A002EC593 /* Sources */,
				844283702773515A002EC593 /* Frameworks */,
				844283712773515A002EC593 /* Resources */,
			);
			buildRules = (
			);
			dependencies = (
				844283752773515A002EC593 /* PBXTargetDependency */,
			);
			name = WeatherApplicationUITests;
			productName = WeatherApplicationUITests;
			productReference = 844283732773515A002EC593 /* WeatherApplicationUITests.xctest */;
			productType = "com.apple.product-type.bundle.ui-testing";
		};
/* End PBXNativeTarget section */

/* Begin PBXProject section */
		8442834827735158002EC593 /* Project object */ = {
			isa = PBXProject;
			attributes = {
				BuildIndependentTargetsInParallel = 1;
				LastSwiftUpdateCheck = 1320;
				LastUpgradeCheck = 1320;
				TargetAttributes = {
					8442834F27735158002EC593 = {
						CreatedOnToolsVersion = 13.2.1;
					};
					844283682773515A002EC593 = {
						CreatedOnToolsVersion = 13.2.1;
						TestTargetID = 8442834F27735158002EC593;
					};
					844283722773515A002EC593 = {
						CreatedOnToolsVersion = 13.2.1;
						TestTargetID = 8442834F27735158002EC593;
					};
				};
			};
			buildConfigurationList = 8442834B27735158002EC593 /* Build configuration list for PBXProject "WeatherApplication" */;
			compatibilityVersion = "Xcode 13.0";
			developmentRegion = en;
			hasScannedForEncodings = 0;
			knownRegions = (
				en,
				Base,
			);
			mainGroup = 8442834727735158002EC593;
			productRefGroup = 8442835127735158002EC593 /* Products */;
			projectDirPath = "";
			projectRoot = "";
			targets = (
				8442834F27735158002EC593 /* WeatherApplication */,
				844283682773515A002EC593 /* WeatherApplicationTests */,
				844283722773515A002EC593 /* WeatherApplicationUITests */,
			);
		};
/* End PBXProject section */

/* Begin PBXResourcesBuildPhase section */
		8442834E27735158002EC593 /* Resources */ = {
			isa = PBXResourcesBuildPhase;
			buildActionMask = 2147483647;
			files = (
				8442836327735159002EC593 /* LaunchScreen.storyboard in Resources */,
				8442836027735159002EC593 /* Assets.xcassets in Resources */,
				8442835B27735158002EC593 /* Main.storyboard in Resources */,
			);
			runOnlyForDeploymentPostprocessing = 0;
		};
		844283672773515A002EC593 /* Resources */ = {
			isa = PBXResourcesBuildPhase;
			buildActionMask = 2147483647;
			files = (
			);
			runOnlyForDeploymentPostprocessing = 0;
		};
		844283712773515A002EC593 /* Resources */ = {
			isa = PBXResourcesBuildPhase;
			buildActionMask = 2147483647;
			files = (
			);
			runOnlyForDeploymentPostprocessing = 0;
		};
/* End PBXResourcesBuildPhase section */

/* Begin PBXSourcesBuildPhase section */
		8442834C27735158002EC593 /* Sources */ = {
			isa = PBXSourcesBuildPhase;
			buildActionMask = 2147483647;
			files = (
				8442835827735158002EC593 /* WeatherViewController.swift in Sources */,
				8442835427735158002EC593 /* AppDelegate.swift in Sources */,
				8442838C27736E08002EC593 /* WeatherIcons.swift in Sources */,
				84B2EBBC27738ADC007F0BE5 /* HourlyCollectionViewCell.swift in Sources */,
				8442838A27735224002EC593 /* WeatherDataModel.swift in Sources */,
				8442835627735158002EC593 /* SceneDelegate.swift in Sources */,
				84B2EBBE27738AEE007F0BE5 /* DailyCollectionViewCell.swift in Sources */,
				8442835E27735158002EC593 /* WeatherApplication.xcdatamodeld in Sources */,
				84428388277351A0002EC593 /* APIModel.swift in Sources */,
			);
			runOnlyForDeploymentPostprocessing = 0;
		};
		844283652773515A002EC593 /* Sources */ = {
			isa = PBXSourcesBuildPhase;
			buildActionMask = 2147483647;
			files = (
				8442836E2773515A002EC593 /* WeatherApplicationTests.swift in Sources */,
			);
			runOnlyForDeploymentPostprocessing = 0;
		};
		8442836F2773515A002EC593 /* Sources */ = {
			isa = PBXSourcesBuildPhase;
			buildActionMask = 2147483647;
			files = (
				8442837A2773515A002EC593 /* WeatherApplicationUITestsLaunchTests.swift in Sources */,
				844283782773515A002EC593 /* WeatherApplicationUITests.swift in Sources */,
			);
			runOnlyForDeploymentPostprocessing = 0;
		};
/* End PBXSourcesBuildPhase section */

/* Begin PBXTargetDependency section */
		8442836B2773515A002EC593 /* PBXTargetDependency */ = {
			isa = PBXTargetDependency;
			target = 8442834F27735158002EC593 /* WeatherApplication */;
			targetProxy = 8442836A2773515A002EC593 /* PBXContainerItemProxy */;
		};
		844283752773515A002EC593 /* PBXTargetDependency */ = {
			isa = PBXTargetDependency;
			target = 8442834F27735158002EC593 /* WeatherApplication */;
			targetProxy = 844283742773515A002EC593 /* PBXContainerItemProxy */;
		};
/* End PBXTargetDependency section */

/* Begin PBXVariantGroup section */
		8442835927735158002EC593 /* Main.storyboard */ = {
			isa = PBXVariantGroup;
			children = (
				8442835A27735158002EC593 /* Base */,
			);
			name = Main.storyboard;
			sourceTree = "<group>";
		};
		8442836127735159002EC593 /* LaunchScreen.storyboard */ = {
			isa = PBXVariantGroup;
			children = (
				8442836227735159002EC593 /* Base */,
			);
			name = LaunchScreen.storyboard;
			sourceTree = "<group>";
		};
/* End PBXVariantGroup section */

/* Begin XCBuildConfiguration section */
		8442837B2773515A002EC593 /* Debug */ = {
			isa = XCBuildConfiguration;
			buildSettings = {
				ALWAYS_SEARCH_USER_PATHS = NO;
				CLANG_ANALYZER_NONNULL = YES;
				CLANG_ANALYZER_NUMBER_OBJECT_CONVERSION = YES_AGGRESSIVE;
				CLANG_CXX_LANGUAGE_STANDARD = "gnu++17";
				CLANG_CXX_LIBRARY = "libc++";
				CLANG_ENABLE_MODULES = YES;
				CLANG_ENABLE_OBJC_ARC = YES;
				CLANG_ENABLE_OBJC_WEAK = YES;
				CLANG_WARN_BLOCK_CAPTURE_AUTORELEASING = YES;
				CLANG_WARN_BOOL_CONVERSION = YES;
				CLANG_WARN_COMMA = YES;
				CLANG_WARN_CONSTANT_CONVERSION = YES;
				CLANG_WARN_DEPRECATED_OBJC_IMPLEMENTATIONS = YES;
				CLANG_WARN_DIRECT_OBJC_ISA_USAGE = YES_ERROR;
				CLANG_WARN_DOCUMENTATION_COMMENTS = YES;
				CLANG_WARN_EMPTY_BODY = YES;
				CLANG_WARN_ENUM_CONVERSION = YES;
				CLANG_WARN_INFINITE_RECURSION = YES;
				CLANG_WARN_INT_CONVERSION = YES;
				CLANG_WARN_NON_LITERAL_NULL_CONVERSION = YES;
				CLANG_WARN_OBJC_IMPLICIT_RETAIN_SELF = YES;
				CLANG_WARN_OBJC_LITERAL_CONVERSION = YES;
				CLANG_WARN_OBJC_ROOT_CLASS = YES_ERROR;
				CLANG_WARN_QUOTED_INCLUDE_IN_FRAMEWORK_HEADER = YES;
				CLANG_WARN_RANGE_LOOP_ANALYSIS = YES;
				CLANG_WARN_STRICT_PROTOTYPES = YES;
				CLANG_WARN_SUSPICIOUS_MOVE = YES;
				CLANG_WARN_UNGUARDED_AVAILABILITY = YES_AGGRESSIVE;
				CLANG_WARN_UNREACHABLE_CODE = YES;
				CLANG_WARN__DUPLICATE_METHOD_MATCH = YES;
				COPY_PHASE_STRIP = NO;
				DEBUG_INFORMATION_FORMAT = dwarf;
				ENABLE_STRICT_OBJC_MSGSEND = YES;
				ENABLE_TESTABILITY = YES;
				GCC_C_LANGUAGE_STANDARD = gnu11;
				GCC_DYNAMIC_NO_PIC = NO;
				GCC_NO_COMMON_BLOCKS = YES;
				GCC_OPTIMIZATION_LEVEL = 0;
				GCC_PREPROCESSOR_DEFINITIONS = (
					"DEBUG=1",
					"$(inherited)",
				);
				GCC_WARN_64_TO_32_BIT_CONVERSION = YES;
				GCC_WARN_ABOUT_RETURN_TYPE = YES_ERROR;
				GCC_WARN_UNDECLARED_SELECTOR = YES;
				GCC_WARN_UNINITIALIZED_AUTOS = YES_AGGRESSIVE;
				GCC_WARN_UNUSED_FUNCTION = YES;
				GCC_WARN_UNUSED_VARIABLE = YES;
				IPHONEOS_DEPLOYMENT_TARGET = 15.2;
				MTL_ENABLE_DEBUG_INFO = INCLUDE_SOURCE;
				MTL_FAST_MATH = YES;
				ONLY_ACTIVE_ARCH = YES;
				SDKROOT = iphoneos;
				SWIFT_ACTIVE_COMPILATION_CONDITIONS = DEBUG;
				SWIFT_OPTIMIZATION_LEVEL = "-Onone";
			};
			name = Debug;
		};
		8442837C2773515A002EC593 /* Release */ = {
			isa = XCBuildConfiguration;
			buildSettings = {
				ALWAYS_SEARCH_USER_PATHS = NO;
				CLANG_ANALYZER_NONNULL = YES;
				CLANG_ANALYZER_NUMBER_OBJECT_CONVERSION = YES_AGGRESSIVE;
				CLANG_CXX_LANGUAGE_STANDARD = "gnu++17";
				CLANG_CXX_LIBRARY = "libc++";
				CLANG_ENABLE_MODULES = YES;
				CLANG_ENABLE_OBJC_ARC = YES;
				CLANG_ENABLE_OBJC_WEAK = YES;
				CLANG_WARN_BLOCK_CAPTURE_AUTORELEASING = YES;
				CLANG_WARN_BOOL_CONVERSION = YES;
				CLANG_WARN_COMMA = YES;
				CLANG_WARN_CONSTANT_CONVERSION = YES;
				CLANG_WARN_DEPRECATED_OBJC_IMPLEMENTATIONS = YES;
				CLANG_WARN_DIRECT_OBJC_ISA_USAGE = YES_ERROR;
				CLANG_WARN_DOCUMENTATION_COMMENTS = YES;
				CLANG_WARN_EMPTY_BODY = YES;
				CLANG_WARN_ENUM_CONVERSION = YES;
				CLANG_WARN_INFINITE_RECURSION = YES;
				CLANG_WARN_INT_CONVERSION = YES;
				CLANG_WARN_NON_LITERAL_NULL_CONVERSION = YES;
				CLANG_WARN_OBJC_IMPLICIT_RETAIN_SELF = YES;
				CLANG_WARN_OBJC_LITERAL_CONVERSION = YES;
				CLANG_WARN_OBJC_ROOT_CLASS = YES_ERROR;
				CLANG_WARN_QUOTED_INCLUDE_IN_FRAMEWORK_HEADER = YES;
				CLANG_WARN_RANGE_LOOP_ANALYSIS = YES;
				CLANG_WARN_STRICT_PROTOTYPES = YES;
				CLANG_WARN_SUSPICIOUS_MOVE = YES;
				CLANG_WARN_UNGUARDED_AVAILABILITY = YES_AGGRESSIVE;
				CLANG_WARN_UNREACHABLE_CODE = YES;
				CLANG_WARN__DUPLICATE_METHOD_MATCH = YES;
				COPY_PHASE_STRIP = NO;
				DEBUG_INFORMATION_FORMAT = "dwarf-with-dsym";
				ENABLE_NS_ASSERTIONS = NO;
				ENABLE_STRICT_OBJC_MSGSEND = YES;
				GCC_C_LANGUAGE_STANDARD = gnu11;
				GCC_NO_COMMON_BLOCKS = YES;
				GCC_WARN_64_TO_32_BIT_CONVERSION = YES;
				GCC_WARN_ABOUT_RETURN_TYPE = YES_ERROR;
				GCC_WARN_UNDECLARED_SELECTOR = YES;
				GCC_WARN_UNINITIALIZED_AUTOS = YES_AGGRESSIVE;
				GCC_WARN_UNUSED_FUNCTION = YES;
				GCC_WARN_UNUSED_VARIABLE = YES;
				IPHONEOS_DEPLOYMENT_TARGET = 15.2;
				MTL_ENABLE_DEBUG_INFO = NO;
				MTL_FAST_MATH = YES;
				SDKROOT = iphoneos;
				SWIFT_COMPILATION_MODE = wholemodule;
				SWIFT_OPTIMIZATION_LEVEL = "-O";
				VALIDATE_PRODUCT = YES;
			};
			name = Release;
		};
		8442837E2773515A002EC593 /* Debug */ = {
			isa = XCBuildConfiguration;
			buildSettings = {
				ASSETCATALOG_COMPILER_APPICON_NAME = AppIcon;
				ASSETCATALOG_COMPILER_GLOBAL_ACCENT_COLOR_NAME = AccentColor;
				CODE_SIGN_STYLE = Automatic;
				CURRENT_PROJECT_VERSION = 1;
				DEVELOPMENT_TEAM = 9U2P84VZ5X;
				GENERATE_INFOPLIST_FILE = YES;
				INFOPLIST_FILE = WeatherApplication/Info.plist;
				INFOPLIST_KEY_UIApplicationSupportsIndirectInputEvents = YES;
				INFOPLIST_KEY_UILaunchStoryboardName = LaunchScreen;
				INFOPLIST_KEY_UIMainStoryboardFile = Main;
				INFOPLIST_KEY_UISupportedInterfaceOrientations_iPad = "UIInterfaceOrientationPortrait UIInterfaceOrientationPortraitUpsideDown UIInterfaceOrientationLandscapeLeft UIInterfaceOrientationLandscapeRight";
				INFOPLIST_KEY_UISupportedInterfaceOrientations_iPhone = "UIInterfaceOrientationPortrait UIInterfaceOrientationLandscapeLeft UIInterfaceOrientationLandscapeRight";
				LD_RUNPATH_SEARCH_PATHS = (
					"$(inherited)",
					"@executable_path/Frameworks",
				);
				MARKETING_VERSION = 1.0;
				PRODUCT_BUNDLE_IDENTIFIER = "Dojo-Nerds.WeatherApplication";
				PRODUCT_NAME = "$(TARGET_NAME)";
				SWIFT_EMIT_LOC_STRINGS = YES;
				SWIFT_VERSION = 5.0;
				TARGETED_DEVICE_FAMILY = "1,2";
			};
			name = Debug;
		};
		8442837F2773515A002EC593 /* Release */ = {
			isa = XCBuildConfiguration;
			buildSettings = {
				ASSETCATALOG_COMPILER_APPICON_NAME = AppIcon;
				ASSETCATALOG_COMPILER_GLOBAL_ACCENT_COLOR_NAME = AccentColor;
				CODE_SIGN_STYLE = Automatic;
				CURRENT_PROJECT_VERSION = 1;
				DEVELOPMENT_TEAM = 9U2P84VZ5X;
				GENERATE_INFOPLIST_FILE = YES;
				INFOPLIST_FILE = WeatherApplication/Info.plist;
				INFOPLIST_KEY_UIApplicationSupportsIndirectInputEvents = YES;
				INFOPLIST_KEY_UILaunchStoryboardName = LaunchScreen;
				INFOPLIST_KEY_UIMainStoryboardFile = Main;
				INFOPLIST_KEY_UISupportedInterfaceOrientations_iPad = "UIInterfaceOrientationPortrait UIInterfaceOrientationPortraitUpsideDown UIInterfaceOrientationLandscapeLeft UIInterfaceOrientationLandscapeRight";
				INFOPLIST_KEY_UISupportedInterfaceOrientations_iPhone = "UIInterfaceOrientationPortrait UIInterfaceOrientationLandscapeLeft UIInterfaceOrientationLandscapeRight";
				LD_RUNPATH_SEARCH_PATHS = (
					"$(inherited)",
					"@executable_path/Frameworks",
				);
				MARKETING_VERSION = 1.0;
				PRODUCT_BUNDLE_IDENTIFIER = "Dojo-Nerds.WeatherApplication";
				PRODUCT_NAME = "$(TARGET_NAME)";
				SWIFT_EMIT_LOC_STRINGS = YES;
				SWIFT_VERSION = 5.0;
				TARGETED_DEVICE_FAMILY = "1,2";
			};
			name = Release;
		};
		844283812773515A002EC593 /* Debug */ = {
			isa = XCBuildConfiguration;
			buildSettings = {
				ALWAYS_EMBED_SWIFT_STANDARD_LIBRARIES = YES;
				BUNDLE_LOADER = "$(TEST_HOST)";
				CODE_SIGN_STYLE = Automatic;
				CURRENT_PROJECT_VERSION = 1;
				DEVELOPMENT_TEAM = 9U2P84VZ5X;
				GENERATE_INFOPLIST_FILE = YES;
				IPHONEOS_DEPLOYMENT_TARGET = 15.2;
				MARKETING_VERSION = 1.0;
				PRODUCT_BUNDLE_IDENTIFIER = "Dojo-Nerds.WeatherApplicationTests";
				PRODUCT_NAME = "$(TARGET_NAME)";
				SWIFT_EMIT_LOC_STRINGS = NO;
				SWIFT_VERSION = 5.0;
				TARGETED_DEVICE_FAMILY = "1,2";
				TEST_HOST = "$(BUILT_PRODUCTS_DIR)/WeatherApplication.app/WeatherApplication";
			};
			name = Debug;
		};
		844283822773515A002EC593 /* Release */ = {
			isa = XCBuildConfiguration;
			buildSettings = {
				ALWAYS_EMBED_SWIFT_STANDARD_LIBRARIES = YES;
				BUNDLE_LOADER = "$(TEST_HOST)";
				CODE_SIGN_STYLE = Automatic;
				CURRENT_PROJECT_VERSION = 1;
				DEVELOPMENT_TEAM = 9U2P84VZ5X;
				GENERATE_INFOPLIST_FILE = YES;
				IPHONEOS_DEPLOYMENT_TARGET = 15.2;
				MARKETING_VERSION = 1.0;
				PRODUCT_BUNDLE_IDENTIFIER = "Dojo-Nerds.WeatherApplicationTests";
				PRODUCT_NAME = "$(TARGET_NAME)";
				SWIFT_EMIT_LOC_STRINGS = NO;
				SWIFT_VERSION = 5.0;
				TARGETED_DEVICE_FAMILY = "1,2";
				TEST_HOST = "$(BUILT_PRODUCTS_DIR)/WeatherApplication.app/WeatherApplication";
			};
			name = Release;
		};
		844283842773515A002EC593 /* Debug */ = {
			isa = XCBuildConfiguration;
			buildSettings = {
				ALWAYS_EMBED_SWIFT_STANDARD_LIBRARIES = YES;
				CODE_SIGN_STYLE = Automatic;
				CURRENT_PROJECT_VERSION = 1;
				DEVELOPMENT_TEAM = 9U2P84VZ5X;
				GENERATE_INFOPLIST_FILE = YES;
				MARKETING_VERSION = 1.0;
				PRODUCT_BUNDLE_IDENTIFIER = "Dojo-Nerds.WeatherApplicationUITests";
				PRODUCT_NAME = "$(TARGET_NAME)";
				SWIFT_EMIT_LOC_STRINGS = NO;
				SWIFT_VERSION = 5.0;
				TARGETED_DEVICE_FAMILY = "1,2";
				TEST_TARGET_NAME = WeatherApplication;
			};
			name = Debug;
		};
		844283852773515A002EC593 /* Release */ = {
			isa = XCBuildConfiguration;
			buildSettings = {
				ALWAYS_EMBED_SWIFT_STANDARD_LIBRARIES = YES;
				CODE_SIGN_STYLE = Automatic;
				CURRENT_PROJECT_VERSION = 1;
				DEVELOPMENT_TEAM = 9U2P84VZ5X;
				GENERATE_INFOPLIST_FILE = YES;
				MARKETING_VERSION = 1.0;
				PRODUCT_BUNDLE_IDENTIFIER = "Dojo-Nerds.WeatherApplicationUITests";
				PRODUCT_NAME = "$(TARGET_NAME)";
				SWIFT_EMIT_LOC_STRINGS = NO;
				SWIFT_VERSION = 5.0;
				TARGETED_DEVICE_FAMILY = "1,2";
				TEST_TARGET_NAME = WeatherApplication;
			};
			name = Release;
		};
/* End XCBuildConfiguration section */

/* Begin XCConfigurationList section */
		8442834B27735158002EC593 /* Build configuration list for PBXProject "WeatherApplication" */ = {
			isa = XCConfigurationList;
			buildConfigurations = (
				8442837B2773515A002EC593 /* Debug */,
				8442837C2773515A002EC593 /* Release */,
			);
			defaultConfigurationIsVisible = 0;
			defaultConfigurationName = Release;
		};
		8442837D2773515A002EC593 /* Build configuration list for PBXNativeTarget "WeatherApplication" */ = {
			isa = XCConfigurationList;
			buildConfigurations = (
				8442837E2773515A002EC593 /* Debug */,
				8442837F2773515A002EC593 /* Release */,
			);
			defaultConfigurationIsVisible = 0;
			defaultConfigurationName = Release;
		};
		844283802773515A002EC593 /* Build configuration list for PBXNativeTarget "WeatherApplicationTests" */ = {
			isa = XCConfigurationList;
			buildConfigurations = (
				844283812773515A002EC593 /* Debug */,
				844283822773515A002EC593 /* Release */,
			);
			defaultConfigurationIsVisible = 0;
			defaultConfigurationName = Release;
		};
		844283832773515A002EC593 /* Build configuration list for PBXNativeTarget "WeatherApplicationUITests" */ = {
			isa = XCConfigurationList;
			buildConfigurations = (
				844283842773515A002EC593 /* Debug */,
				844283852773515A002EC593 /* Release */,
			);
			defaultConfigurationIsVisible = 0;
			defaultConfigurationName = Release;
		};
/* End XCConfigurationList section */

/* Begin XCVersionGroup section */
		8442835C27735158002EC593 /* WeatherApplication.xcdatamodeld */ = {
			isa = XCVersionGroup;
			children = (
				8442835D27735158002EC593 /* WeatherApplication.xcdatamodel */,
			);
			currentVersion = 8442835D27735158002EC593 /* WeatherApplication.xcdatamodel */;
			path = WeatherApplication.xcdatamodeld;
			sourceTree = "<group>";
			versionGroupType = wrapper.xcdatamodel;
		};
/* End XCVersionGroup section */
	};
	rootObject = 8442834827735158002EC593 /* Project object */;
}
